// !$*UTF8*$!
{
	archiveVersion = 1;
	classes = {
	};
	objectVersion = 56;
	objects = {

/* Begin PBXBuildFile section */
		C60C402F2B9A290C00864863 /* NetworkManager.swift in Sources */ = {isa = PBXBuildFile; fileRef = C60C402E2B9A290C00864863 /* NetworkManager.swift */; };
		C60C40312B9A29C200864863 /* ApiEndpoints.swift in Sources */ = {isa = PBXBuildFile; fileRef = C60C40302B9A29C200864863 /* ApiEndpoints.swift */; };
		C60C40332B9A35FE00864863 /* DBZModel.swift in Sources */ = {isa = PBXBuildFile; fileRef = C60C40322B9A35FE00864863 /* DBZModel.swift */; };
		C60C40352B9A3D3A00864863 /* DBZWorlds.swift in Sources */ = {isa = PBXBuildFile; fileRef = C60C40342B9A3D3A00864863 /* DBZWorlds.swift */; };
		C60C40372B9A3D5000864863 /* DBZReusableCollectionViewCell.swift in Sources */ = {isa = PBXBuildFile; fileRef = C60C40362B9A3D5000864863 /* DBZReusableCollectionViewCell.swift */; };
		C60C40392B9A965800864863 /* DBZCharactersViewModel.swift in Sources */ = {isa = PBXBuildFile; fileRef = C60C40382B9A965800864863 /* DBZCharactersViewModel.swift */; };
		C67A40312BA273A400E287FD /* DBZWorldsCollectionViewController.swift in Sources */ = {isa = PBXBuildFile; fileRef = C67A40302BA273A400E287FD /* DBZWorldsCollectionViewController.swift */; };
		C67A40332BA273D600E287FD /* DBZTabBarViewController.swift in Sources */ = {isa = PBXBuildFile; fileRef = C67A40322BA273D600E287FD /* DBZTabBarViewController.swift */; };
		C67A40352BA274BC00E287FD /* DBZDetailViewController.swift in Sources */ = {isa = PBXBuildFile; fileRef = C67A40342BA274BC00E287FD /* DBZDetailViewController.swift */; };
		C67A40372BA274DA00E287FD /* DBZDetailView.swift in Sources */ = {isa = PBXBuildFile; fileRef = C67A40362BA274DA00E287FD /* DBZDetailView.swift */; };
		C67A403A2BA296B900E287FD /* DBZWorldsViewModel.swift in Sources */ = {isa = PBXBuildFile; fileRef = C67A40392BA296B900E287FD /* DBZWorldsViewModel.swift */; };
		C682A10D2B951FF3004390F9 /* AppDelegate.swift in Sources */ = {isa = PBXBuildFile; fileRef = C682A10C2B951FF3004390F9 /* AppDelegate.swift */; };
		C682A10F2B951FF3004390F9 /* SceneDelegate.swift in Sources */ = {isa = PBXBuildFile; fileRef = C682A10E2B951FF3004390F9 /* SceneDelegate.swift */; };
		C682A1112B951FF3004390F9 /* DBZCharactersCollectionViewController.swift in Sources */ = {isa = PBXBuildFile; fileRef = C682A1102B951FF3004390F9 /* DBZCharactersCollectionViewController.swift */; };
		C682A1162B951FF6004390F9 /* Assets.xcassets in Resources */ = {isa = PBXBuildFile; fileRef = C682A1152B951FF6004390F9 /* Assets.xcassets */; };
		C682A1192B951FF6004390F9 /* LaunchScreen.storyboard in Resources */ = {isa = PBXBuildFile; fileRef = C682A1172B951FF6004390F9 /* LaunchScreen.storyboard */; };
		C682A1232B95245B004390F9 /* UICollectionViewExtension.swift in Sources */ = {isa = PBXBuildFile; fileRef = C682A1222B95245B004390F9 /* UICollectionViewExtension.swift */; };
		E1A2B3C42D8F123400ABCDEF /* DBZCharacterInlineDetailView.swift in Sources */ = {isa = PBXBuildFile; fileRef = E1A2B3C32D8F123400ABCDEF /* DBZCharacterInlineDetailView.swift */; };
		E1A2B3C62D8F123400ABCDEF /* DBZCharacterExpandableCell.swift in Sources */ = {isa = PBXBuildFile; fileRef = E1A2B3C52D8F123400ABCDEF /* DBZCharacterExpandableCell.swift */; };
		E1A2B3C82D8F123400ABCDEF /* DBZCharactersExpandableCollectionViewController.swift in Sources */ = {isa = PBXBuildFile; fileRef = E1A2B3C72D8F123400ABCDEF /* DBZCharactersExpandableCollectionViewController.swift */; };
/* End PBXBuildFile section */

/* Begin PBXFileReference section */
		C60C402E2B9A290C00864863 /* NetworkManager.swift */ = {isa = PBXFileReference; lastKnownFileType = sourcecode.swift; path = NetworkManager.swift; sourceTree = "<group>"; };
		C60C40302B9A29C200864863 /* ApiEndpoints.swift */ = {isa = PBXFileReference; lastKnownFileType = sourcecode.swift; path = ApiEndpoints.swift; sourceTree = "<group>"; };
		C60C40322B9A35FE00864863 /* DBZModel.swift */ = {isa = PBXFileReference; lastKnownFileType = sourcecode.swift; path = DBZModel.swift; sourceTree = "<group>"; };
		C60C40342B9A3D3A00864863 /* DBZWorlds.swift */ = {isa = PBXFileReference; lastKnownFileType = sourcecode.swift; path = DBZWorlds.swift; sourceTree = "<group>"; };
		C60C40362B9A3D5000864863 /* DBZReusableCollectionViewCell.swift */ = {isa = PBXFileReference; lastKnownFileType = sourcecode.swift; path = DBZReusableCollectionViewCell.swift; sourceTree = "<group>"; };
		C60C40382B9A965800864863 /* DBZCharactersViewModel.swift */ = {isa = PBXFileReference; lastKnownFileType = sourcecode.swift; path = DBZCharactersViewModel.swift; sourceTree = "<group>"; };
		C67A40302BA273A400E287FD /* DBZWorldsCollectionViewController.swift */ = {isa = PBXFileReference; lastKnownFileType = sourcecode.swift; path = DBZWorldsCollectionViewController.swift; sourceTree = "<group>"; };
		C67A40322BA273D600E287FD /* DBZTabBarViewController.swift */ = {isa = PBXFileReference; lastKnownFileType = sourcecode.swift; path = DBZTabBarViewController.swift; sourceTree = "<group>"; };
		C67A40342BA274BC00E287FD /* DBZDetailViewController.swift */ = {isa = PBXFileReference; lastKnownFileType = sourcecode.swift; path = DBZDetailViewController.swift; sourceTree = "<group>"; };
		C67A40362BA274DA00E287FD /* DBZDetailView.swift */ = {isa = PBXFileReference; lastKnownFileType = sourcecode.swift; path = DBZDetailView.swift; sourceTree = "<group>"; };
		C67A40392BA296B900E287FD /* DBZWorldsViewModel.swift */ = {isa = PBXFileReference; lastKnownFileType = sourcecode.swift; path = DBZWorldsViewModel.swift; sourceTree = "<group>"; };
		C682A1092B951FF3004390F9 /* CollectionViewEx.app */ = {isa = PBXFileReference; explicitFileType = wrapper.application; includeInIndex = 0; path = CollectionViewEx.app; sourceTree = BUILT_PRODUCTS_DIR; };
		C682A10C2B951FF3004390F9 /* AppDelegate.swift */ = {isa = PBXFileReference; lastKnownFileType = sourcecode.swift; path = AppDelegate.swift; sourceTree = "<group>"; };
		C682A10E2B951FF3004390F9 /* SceneDelegate.swift */ = {isa = PBXFileReference; lastKnownFileType = sourcecode.swift; path = SceneDelegate.swift; sourceTree = "<group>"; };
		C682A1102B951FF3004390F9 /* DBZCharactersCollectionViewController.swift */ = {isa = PBXFileReference; lastKnownFileType = sourcecode.swift; path = DBZCharactersCollectionViewController.swift; sourceTree = "<group>"; };
		C682A1152B951FF6004390F9 /* Assets.xcassets */ = {isa = PBXFileReference; lastKnownFileType = folder.assetcatalog; path = Assets.xcassets; sourceTree = "<group>"; };
		C682A1182B951FF6004390F9 /* Base */ = {isa = PBXFileReference; lastKnownFileType = file.storyboard; name = Base; path = Base.lproj/LaunchScreen.storyboard; sourceTree = "<group>"; };
		C682A11A2B951FF6004390F9 /* Info.plist */ = {isa = PBXFileReference; lastKnownFileType = text.plist.xml; path = Info.plist; sourceTree = "<group>"; };
		C682A1222B95245B004390F9 /* UICollectionViewExtension.swift */ = {isa = PBXFileReference; lastKnownFileType = sourcecode.swift; path = UICollectionViewExtension.swift; sourceTree = "<group>"; };
		E1A2B3C32D8F123400ABCDEF /* DBZCharacterInlineDetailView.swift */ = {isa = PBXFileReference; lastKnownFileType = sourcecode.swift; path = DBZCharacterInlineDetailView.swift; sourceTree = "<group>"; };
		E1A2B3C52D8F123400ABCDEF /* DBZCharacterExpandableCell.swift */ = {isa = PBXFileReference; lastKnownFileType = sourcecode.swift; path = DBZCharacterExpandableCell.swift; sourceTree = "<group>"; };
		E1A2B3C72D8F123400ABCDEF /* DBZCharactersExpandableCollectionViewController.swift */ = {isa = PBXFileReference; lastKnownFileType = sourcecode.swift; path = DBZCharactersExpandableCollectionViewController.swift; sourceTree = "<group>"; };
/* End PBXFileReference section */

/* Begin PBXFrameworksBuildPhase section */
		C682A1062B951FF3004390F9 /* Frameworks */ = {
			isa = PBXFrameworksBuildPhase;
			buildActionMask = 2147483647;
			files = (
			);
			runOnlyForDeploymentPostprocessing = 0;
		};
/* End PBXFrameworksBuildPhase section */

/* Begin PBXGroup section */
		C60C402D2B9A28F500864863 /* Networking */ = {
			isa = PBXGroup;
			children = (
				C60C402E2B9A290C00864863 /* NetworkManager.swift */,
				C60C40302B9A29C200864863 /* ApiEndpoints.swift */,
			);
			path = Networking;
			sourceTree = "<group>";
		};
		C67A40382BA27BB300E287FD /* ViewControllers */ = {
			isa = PBXGroup;
			children = (
				C682A1102B951FF3004390F9 /* DBZCharactersCollectionViewController.swift */,
				C67A40302BA273A400E287FD /* DBZWorldsCollectionViewController.swift */,
				C67A40322BA273D600E287FD /* DBZTabBarViewController.swift */,
				C67A40342BA274BC00E287FD /* DBZDetailViewController.swift */,
				E1A2B3C72D8F123400ABCDEF /* DBZCharactersExpandableCollectionViewController.swift */,
			);
			path = ViewControllers;
			sourceTree = "<group>";
		};
		C67A403B2BA2970600E287FD /* ViewModels */ = {
			isa = PBXGroup;
			children = (
				C60C40382B9A965800864863 /* DBZCharactersViewModel.swift */,
				C67A40392BA296B900E287FD /* DBZWorldsViewModel.swift */,
			);
			path = ViewModels;
			sourceTree = "<group>";
		};
		C67A403C2BA2971300E287FD /* Models */ = {
			isa = PBXGroup;
			children = (
				C60C40322B9A35FE00864863 /* DBZModel.swift */,
				C60C40342B9A3D3A00864863 /* DBZWorlds.swift */,
			);
			path = Models;
			sourceTree = "<group>";
		};
		C67A403D2BA2972A00E287FD /* Views */ = {
			isa = PBXGroup;
			children = (
				C67A40362BA274DA00E287FD /* DBZDetailView.swift */,
				E1A2B3C32D8F123400ABCDEF /* DBZCharacterInlineDetailView.swift */,
			);
			path = Views;
			sourceTree = "<group>";
		};
		C682A1002B951FF2004390F9 = {
			isa = PBXGroup;
			children = (
				C682A10B2B951FF3004390F9 /* CollectionViewEx */,
				C682A10A2B951FF3004390F9 /* Products */,
			);
			sourceTree = "<group>";
		};
		C682A10A2B951FF3004390F9 /* Products */ = {
			isa = PBXGroup;
			children = (
				C682A1092B951FF3004390F9 /* CollectionViewEx.app */,
			);
			name = Products;
			sourceTree = "<group>";
		};
		C682A10B2B951FF3004390F9 /* CollectionViewEx */ = {
			isa = PBXGroup;
			children = (
				C60C402D2B9A28F500864863 /* Networking */,
				C682A10C2B951FF3004390F9 /* AppDelegate.swift */,
				C682A10E2B951FF3004390F9 /* SceneDelegate.swift */,
				C682A1152B951FF6004390F9 /* Assets.xcassets */,
				C682A1172B951FF6004390F9 /* LaunchScreen.storyboard */,
				C682A11A2B951FF6004390F9 /* Info.plist */,
				C682A1222B95245B004390F9 /* UICollectionViewExtension.swift */,
				C67A403C2BA2971300E287FD /* Models */,
				C60C40362B9A3D5000864863 /* DBZReusableCollectionViewCell.swift */,
				E1A2B3C52D8F123400ABCDEF /* DBZCharacterExpandableCell.swift */,
				C67A403B2BA2970600E287FD /* ViewModels */,
				C67A40382BA27BB300E287FD /* ViewControllers */,
				C67A403D2BA2972A00E287FD /* Views */,
			);
			path = CollectionViewEx;
			sourceTree = "<group>";
		};
/* End PBXGroup section */

/* Begin PBXNativeTarget section */
		C682A1082B951FF3004390F9 /* CollectionViewEx */ = {
			isa = PBXNativeTarget;
			buildConfigurationList = C682A11D2B951FF6004390F9 /* Build configuration list for PBXNativeTarget "CollectionViewEx" */;
			buildPhases = (
				C682A1052B951FF3004390F9 /* Sources */,
				C682A1062B951FF3004390F9 /* Frameworks */,
				C682A1072B951FF3004390F9 /* Resources */,
			);
			buildRules = (
			);
			dependencies = (
			);
			name = CollectionViewEx;
			productName = CollectionViewEx;
			productReference = C682A1092B951FF3004390F9 /* CollectionViewEx.app */;
			productType = "com.apple.product-type.application";
		};
/* End PBXNativeTarget section */

/* Begin PBXProject section */
		C682A1012B951FF2004390F9 /* Project object */ = {
			isa = PBXProject;
			attributes = {
				BuildIndependentTargetsInParallel = 1;
				LastSwiftUpdateCheck = 1520;
				LastUpgradeCheck = 1520;
				TargetAttributes = {
					C682A1082B951FF3004390F9 = {
						CreatedOnToolsVersion = 15.2;
					};
				};
			};
			buildConfigurationList = C682A1042B951FF2004390F9 /* Build configuration list for PBXProject "CollectionViewEx" */;
			compatibilityVersion = "Xcode 14.0";
			developmentRegion = en;
			hasScannedForEncodings = 0;
			knownRegions = (
				en,
				Base,
			);
			mainGroup = C682A1002B951FF2004390F9;
			productRefGroup = C682A10A2B951FF3004390F9 /* Products */;
			projectDirPath = "";
			projectRoot = "";
			targets = (
				C682A1082B951FF3004390F9 /* CollectionViewEx */,
			);
		};
/* End PBXProject section */

/* Begin PBXResourcesBuildPhase section */
		C682A1072B951FF3004390F9 /* Resources */ = {
			isa = PBXResourcesBuildPhase;
			buildActionMask = 2147483647;
			files = (
				C682A1192B951FF6004390F9 /* LaunchScreen.storyboard in Resources */,
				C682A1162B951FF6004390F9 /* Assets.xcassets in Resources */,
			);
			runOnlyForDeploymentPostprocessing = 0;
		};
/* End PBXResourcesBuildPhase section */

/* Begin PBXSourcesBuildPhase section */
		C682A1052B951FF3004390F9 /* Sources */ = {
			isa = PBXSourcesBuildPhase;
			buildActionMask = 2147483647;
			files = (
				C60C402F2B9A290C00864863 /* NetworkManager.swift in Sources */,
				C682A1112B951FF3004390F9 /* DBZCharactersCollectionViewController.swift in Sources */,
				C60C40332B9A35FE00864863 /* DBZModel.swift in Sources */,
				C67A40352BA274BC00E287FD /* DBZDetailViewController.swift in Sources */,
				C60C40372B9A3D5000864863 /* DBZReusableCollectionViewCell.swift in Sources */,
				C67A40332BA273D600E287FD /* DBZTabBarViewController.swift in Sources */,
				C60C40312B9A29C200864863 /* ApiEndpoints.swift in Sources */,
				C60C40392B9A965800864863 /* DBZCharactersViewModel.swift in Sources */,
				C682A10D2B951FF3004390F9 /* AppDelegate.swift in Sources */,
				C67A403A2BA296B900E287FD /* DBZWorldsViewModel.swift in Sources */,
				C60C40352B9A3D3A00864863 /* DBZWorlds.swift in Sources */,
				C67A40372BA274DA00E287FD /* DBZDetailView.swift in Sources */,
				C682A10F2B951FF3004390F9 /* SceneDelegate.swift in Sources */,
				C682A1232B95245B004390F9 /* UICollectionViewExtension.swift in Sources */,
				C67A40312BA273A400E287FD /* DBZWorldsCollectionViewController.swift in Sources */,
				E1A2B3C42D8F123400ABCDEF /* DBZCharacterInlineDetailView.swift in Sources */,
				E1A2B3C62D8F123400ABCDEF /* DBZCharacterExpandableCell.swift in Sources */,
				E1A2B3C82D8F123400ABCDEF /* DBZCharactersExpandableCollectionViewController.swift in Sources */,
			);
			runOnlyForDeploymentPostprocessing = 0;
		};
/* End PBXSourcesBuildPhase section */

/* Begin PBXVariantGroup section */
		C682A1172B951FF6004390F9 /* LaunchScreen.storyboard */ = {
			isa = PBXVariantGroup;
			children = (
				C682A1182B951FF6004390F9 /* Base */,
			);
			name = LaunchScreen.storyboard;
			sourceTree = "<group>";
		};
/* End PBXVariantGroup section */

/* Begin XCBuildConfiguration section */
		C682A11B2B951FF6004390F9 /* Debug */ = {
			isa = XCBuildConfiguration;
			buildSettings = {
				ALWAYS_SEARCH_USER_PATHS = NO;
				ASSETCATALOG_COMPILER_GENERATE_SWIFT_ASSET_SYMBOL_EXTENSIONS = YES;
				CLANG_ANALYZER_NONNULL = YES;
				CLANG_ANALYZER_NUMBER_OBJECT_CONVERSION = YES_AGGRESSIVE;
				CLANG_CXX_LANGUAGE_STANDARD = "gnu++20";
				CLANG_ENABLE_MODULES = YES;
				CLANG_ENABLE_OBJC_ARC = YES;
				CLANG_ENABLE_OBJC_WEAK = YES;
				CLANG_WARN_BLOCK_CAPTURE_AUTORELEASING = YES;
				CLANG_WARN_BOOL_CONVERSION = YES;
				CLANG_WARN_COMMA = YES;
				CLANG_WARN_CONSTANT_CONVERSION = YES;
				CLANG_WARN_DEPRECATED_OBJC_IMPLEMENTATIONS = YES;
				CLANG_WARN_DIRECT_OBJC_ISA_USAGE = YES_ERROR;
				CLANG_WARN_DOCUMENTATION_COMMENTS = YES;
				CLANG_WARN_EMPTY_BODY = YES;
				CLANG_WARN_ENUM_CONVERSION = YES;
				CLANG_WARN_INFINITE_RECURSION = YES;
				CLANG_WARN_INT_CONVERSION = YES;
				CLANG_WARN_NON_LITERAL_NULL_CONVERSION = YES;
				CLANG_WARN_OBJC_IMPLICIT_RETAIN_SELF = YES;
				CLANG_WARN_OBJC_LITERAL_CONVERSION = YES;
				CLANG_WARN_OBJC_ROOT_CLASS = YES_ERROR;
				CLANG_WARN_QUOTED_INCLUDE_IN_FRAMEWORK_HEADER = YES;
				CLANG_WARN_RANGE_LOOP_ANALYSIS = YES;
				CLANG_WARN_STRICT_PROTOTYPES = YES;
				CLANG_WARN_SUSPICIOUS_MOVE = YES;
				CLANG_WARN_UNGUARDED_AVAILABILITY = YES_AGGRESSIVE;
				CLANG_WARN_UNREACHABLE_CODE = YES;
				CLANG_WARN__DUPLICATE_METHOD_MATCH = YES;
				COPY_PHASE_STRIP = NO;
				DEBUG_INFORMATION_FORMAT = dwarf;
				ENABLE_STRICT_OBJC_MSGSEND = YES;
				ENABLE_TESTABILITY = YES;
				ENABLE_USER_SCRIPT_SANDBOXING = YES;
				GCC_C_LANGUAGE_STANDARD = gnu17;
				GCC_DYNAMIC_NO_PIC = NO;
				GCC_NO_COMMON_BLOCKS = YES;
				GCC_OPTIMIZATION_LEVEL = 0;
				GCC_PREPROCESSOR_DEFINITIONS = (
					"DEBUG=1",
					"$(inherited)",
				);
				GCC_WARN_64_TO_32_BIT_CONVERSION = YES;
				GCC_WARN_ABOUT_RETURN_TYPE = YES_ERROR;
				GCC_WARN_UNDECLARED_SELECTOR = YES;
				GCC_WARN_UNINITIALIZED_AUTOS = YES_AGGRESSIVE;
				GCC_WARN_UNUSED_FUNCTION = YES;
				GCC_WARN_UNUSED_VARIABLE = YES;
				IPHONEOS_DEPLOYMENT_TARGET = 17.2;
				LOCALIZATION_PREFERS_STRING_CATALOGS = YES;
				MTL_ENABLE_DEBUG_INFO = INCLUDE_SOURCE;
				MTL_FAST_MATH = YES;
				ONLY_ACTIVE_ARCH = YES;
				SDKROOT = iphoneos;
				SWIFT_ACTIVE_COMPILATION_CONDITIONS = "DEBUG $(inherited)";
				SWIFT_OPTIMIZATION_LEVEL = "-Onone";
			};
			name = Debug;
		};
		C682A11C2B951FF6004390F9 /* Release */ = {
			isa = XCBuildConfiguration;
			buildSettings = {
				ALWAYS_SEARCH_USER_PATHS = NO;
				ASSETCATALOG_COMPILER_GENERATE_SWIFT_ASSET_SYMBOL_EXTENSIONS = YES;
				CLANG_ANALYZER_NONNULL = YES;
				CLANG_ANALYZER_NUMBER_OBJECT_CONVERSION = YES_AGGRESSIVE;
				CLANG_CXX_LANGUAGE_STANDARD = "gnu++20";
				CLANG_ENABLE_MODULES = YES;
				CLANG_ENABLE_OBJC_ARC = YES;
				CLANG_ENABLE_OBJC_WEAK = YES;
				CLANG_WARN_BLOCK_CAPTURE_AUTORELEASING = YES;
				CLANG_WARN_BOOL_CONVERSION = YES;
				CLANG_WARN_COMMA = YES;
				CLANG_WARN_CONSTANT_CONVERSION = YES;
				CLANG_WARN_DEPRECATED_OBJC_IMPLEMENTATIONS = YES;
				CLANG_WARN_DIRECT_OBJC_ISA_USAGE = YES_ERROR;
				CLANG_WARN_DOCUMENTATION_COMMENTS = YES;
				CLANG_WARN_EMPTY_BODY = YES;
				CLANG_WARN_ENUM_CONVERSION = YES;
				CLANG_WARN_INFINITE_RECURSION = YES;
				CLANG_WARN_INT_CONVERSION = YES;
				CLANG_WARN_NON_LITERAL_NULL_CONVERSION = YES;
				CLANG_WARN_OBJC_IMPLICIT_RETAIN_SELF = YES;
				CLANG_WARN_OBJC_LITERAL_CONVERSION = YES;
				CLANG_WARN_OBJC_ROOT_CLASS = YES_ERROR;
				CLANG_WARN_QUOTED_INCLUDE_IN_FRAMEWORK_HEADER = YES;
				CLANG_WARN_RANGE_LOOP_ANALYSIS = YES;
				CLANG_WARN_STRICT_PROTOTYPES = YES;
				CLANG_WARN_SUSPICIOUS_MOVE = YES;
				CLANG_WARN_UNGUARDED_AVAILABILITY = YES_AGGRESSIVE;
				CLANG_WARN_UNREACHABLE_CODE = YES;
				CLANG_WARN__DUPLICATE_METHOD_MATCH = YES;
				COPY_PHASE_STRIP = NO;
				DEBUG_INFORMATION_FORMAT = "dwarf-with-dsym";
				ENABLE_NS_ASSERTIONS = NO;
				ENABLE_STRICT_OBJC_MSGSEND = YES;
				ENABLE_USER_SCRIPT_SANDBOXING = YES;
				GCC_C_LANGUAGE_STANDARD = gnu17;
				GCC_NO_COMMON_BLOCKS = YES;
				GCC_WARN_64_TO_32_BIT_CONVERSION = YES;
				GCC_WARN_ABOUT_RETURN_TYPE = YES_ERROR;
				GCC_WARN_UNDECLARED_SELECTOR = YES;
				GCC_WARN_UNINITIALIZED_AUTOS = YES_AGGRESSIVE;
				GCC_WARN_UNUSED_FUNCTION = YES;
				GCC_WARN_UNUSED_VARIABLE = YES;
				IPHONEOS_DEPLOYMENT_TARGET = 17.2;
				LOCALIZATION_PREFERS_STRING_CATALOGS = YES;
				MTL_ENABLE_DEBUG_INFO = NO;
				MTL_FAST_MATH = YES;
				SDKROOT = iphoneos;
				SWIFT_COMPILATION_MODE = wholemodule;
				VALIDATE_PRODUCT = YES;
			};
			name = Release;
		};
		C682A11E2B951FF6004390F9 /* Debug */ = {
			isa = XCBuildConfiguration;
			buildSettings = {
				ASSETCATALOG_COMPILER_APPICON_NAME = AppIcon;
				ASSETCATALOG_COMPILER_GLOBAL_ACCENT_COLOR_NAME = AccentColor;
				CODE_SIGN_STYLE = Automatic;
				CURRENT_PROJECT_VERSION = 1;
				DEVELOPMENT_TEAM = WCHLW58HK7;
				GENERATE_INFOPLIST_FILE = YES;
				INFOPLIST_FILE = CollectionViewEx/Info.plist;
				INFOPLIST_KEY_UIApplicationSupportsIndirectInputEvents = YES;
				INFOPLIST_KEY_UILaunchStoryboardName = LaunchScreen;
				INFOPLIST_KEY_UISupportedInterfaceOrientations_iPad = "UIInterfaceOrientationPortrait UIInterfaceOrientationPortraitUpsideDown UIInterfaceOrientationLandscapeLeft UIInterfaceOrientationLandscapeRight";
				INFOPLIST_KEY_UISupportedInterfaceOrientations_iPhone = "UIInterfaceOrientationPortrait UIInterfaceOrientationLandscapeLeft UIInterfaceOrientationLandscapeRight";
				LD_RUNPATH_SEARCH_PATHS = (
					"$(inherited)",
					"@executable_path/Frameworks",
				);
				MARKETING_VERSION = 1.0;
				PRODUCT_BUNDLE_IDENTIFIER = rodpwood.CollectionViewEx;
				PRODUCT_NAME = "$(TARGET_NAME)";
				SWIFT_EMIT_LOC_STRINGS = YES;
				SWIFT_VERSION = 5.0;
				TARGETED_DEVICE_FAMILY = "1,2";
			};
			name = Debug;
		};
		C682A11F2B951FF6004390F9 /* Release */ = {
			isa = XCBuildConfiguration;
			buildSettings = {
				ASSETCATALOG_COMPILER_APPICON_NAME = AppIcon;
				ASSETCATALOG_COMPILER_GLOBAL_ACCENT_COLOR_NAME = AccentColor;
				CODE_SIGN_STYLE = Automatic;
				CURRENT_PROJECT_VERSION = 1;
				DEVELOPMENT_TEAM = WCHLW58HK7;
				GENERATE_INFOPLIST_FILE = YES;
				INFOPLIST_FILE = CollectionViewEx/Info.plist;
				INFOPLIST_KEY_UIApplicationSupportsIndirectInputEvents = YES;
				INFOPLIST_KEY_UILaunchStoryboardName = LaunchScreen;
				INFOPLIST_KEY_UISupportedInterfaceOrientations_iPad = "UIInterfaceOrientationPortrait UIInterfaceOrientationPortraitUpsideDown UIInterfaceOrientationLandscapeLeft UIInterfaceOrientationLandscapeRight";
				INFOPLIST_KEY_UISupportedInterfaceOrientations_iPhone = "UIInterfaceOrientationPortrait UIInterfaceOrientationLandscapeLeft UIInterfaceOrientationLandscapeRight";
				LD_RUNPATH_SEARCH_PATHS = (
					"$(inherited)",
					"@executable_path/Frameworks",
				);
				MARKETING_VERSION = 1.0;
				PRODUCT_BUNDLE_IDENTIFIER = rodpwood.CollectionViewEx;
				PRODUCT_NAME = "$(TARGET_NAME)";
				SWIFT_EMIT_LOC_STRINGS = YES;
				SWIFT_VERSION = 5.0;
				TARGETED_DEVICE_FAMILY = "1,2";
			};
			name = Release;
		};
/* End XCBuildConfiguration section */

/* Begin XCConfigurationList section */
		C682A1042B951FF2004390F9 /* Build configuration list for PBXProject "CollectionViewEx" */ = {
			isa = XCConfigurationList;
			buildConfigurations = (
				C682A11B2B951FF6004390F9 /* Debug */,
				C682A11C2B951FF6004390F9 /* Release */,
			);
			defaultConfigurationIsVisible = 0;
			defaultConfigurationName = Release;
		};
		C682A11D2B951FF6004390F9 /* Build configuration list for PBXNativeTarget "CollectionViewEx" */ = {
			isa = XCConfigurationList;
			buildConfigurations = (
				C682A11E2B951FF6004390F9 /* Debug */,
				C682A11F2B951FF6004390F9 /* Release */,
			);
			defaultConfigurationIsVisible = 0;
			defaultConfigurationName = Release;
		};
/* End XCConfigurationList section */
	};
	rootObject = C682A1012B951FF2004390F9 /* Project object */;
}
